// !$*UTF8*$!
{
	archiveVersion = 1;
	classes = {
	};
	objectVersion = 46;
	objects = {

/* Begin PBXBuildFile section */
		C8CF3F411D8F70BF00BF7104 /* AppDelegate.swift in Sources */ = {isa = PBXBuildFile; fileRef = C8CF3F401D8F70BF00BF7104 /* AppDelegate.swift */; };
		C8CF3F431D8F70BF00BF7104 /* ViewController.swift in Sources */ = {isa = PBXBuildFile; fileRef = C8CF3F421D8F70BF00BF7104 /* ViewController.swift */; };
		C8CF3F461D8F70BF00BF7104 /* Main.storyboard in Resources */ = {isa = PBXBuildFile; fileRef = C8CF3F441D8F70BF00BF7104 /* Main.storyboard */; };
		C8CF3F481D8F70BF00BF7104 /* Assets.xcassets in Resources */ = {isa = PBXBuildFile; fileRef = C8CF3F471D8F70BF00BF7104 /* Assets.xcassets */; };
		C8CF3F4B1D8F70BF00BF7104 /* LaunchScreen.storyboard in Resources */ = {isa = PBXBuildFile; fileRef = C8CF3F491D8F70BF00BF7104 /* LaunchScreen.storyboard */; };
		C8CF3F561D8F70BF00BF7104 /* tip_twoTests.swift in Sources */ = {isa = PBXBuildFile; fileRef = C8CF3F551D8F70BF00BF7104 /* tip_twoTests.swift */; };
		C8CF3F611D8F70BF00BF7104 /* tip_twoUITests.swift in Sources */ = {isa = PBXBuildFile; fileRef = C8CF3F601D8F70BF00BF7104 /* tip_twoUITests.swift */; };
/* End PBXBuildFile section */

/* Begin PBXContainerItemProxy section */
		C8CF3F521D8F70BF00BF7104 /* PBXContainerItemProxy */ = {
			isa = PBXContainerItemProxy;
			containerPortal = C8CF3F351D8F70BF00BF7104 /* Project object */;
			proxyType = 1;
			remoteGlobalIDString = C8CF3F3C1D8F70BF00BF7104;
			remoteInfo = "tip two";
		};
		C8CF3F5D1D8F70BF00BF7104 /* PBXContainerItemProxy */ = {
			isa = PBXContainerItemProxy;
			containerPortal = C8CF3F351D8F70BF00BF7104 /* Project object */;
			proxyType = 1;
			remoteGlobalIDString = C8CF3F3C1D8F70BF00BF7104;
			remoteInfo = "tip two";
		};
/* End PBXContainerItemProxy section */

/* Begin PBXFileReference section */
		C8CF3F3D1D8F70BF00BF7104 /* tip two.app */ = {isa = PBXFileReference; explicitFileType = wrapper.application; includeInIndex = 0; path = "tip two.app"; sourceTree = BUILT_PRODUCTS_DIR; };
		C8CF3F401D8F70BF00BF7104 /* AppDelegate.swift */ = {isa = PBXFileReference; lastKnownFileType = sourcecode.swift; path = AppDelegate.swift; sourceTree = "<group>"; };
		C8CF3F421D8F70BF00BF7104 /* ViewController.swift */ = {isa = PBXFileReference; lastKnownFileType = sourcecode.swift; path = ViewController.swift; sourceTree = "<group>"; };
		C8CF3F451D8F70BF00BF7104 /* Base */ = {isa = PBXFileReference; lastKnownFileType = file.storyboard; name = Base; path = Base.lproj/Main.storyboard; sourceTree = "<group>"; };
		C8CF3F471D8F70BF00BF7104 /* Assets.xcassets */ = {isa = PBXFileReference; lastKnownFileType = folder.assetcatalog; path = Assets.xcassets; sourceTree = "<group>"; };
		C8CF3F4A1D8F70BF00BF7104 /* Base */ = {isa = PBXFileReference; lastKnownFileType = file.storyboard; name = Base; path = Base.lproj/LaunchScreen.storyboard; sourceTree = "<group>"; };
		C8CF3F4C1D8F70BF00BF7104 /* Info.plist */ = {isa = PBXFileReference; lastKnownFileType = text.plist.xml; path = Info.plist; sourceTree = "<group>"; };
		C8CF3F511D8F70BF00BF7104 /* tip twoTests.xctest */ = {isa = PBXFileReference; explicitFileType = wrapper.cfbundle; includeInIndex = 0; path = "tip twoTests.xctest"; sourceTree = BUILT_PRODUCTS_DIR; };
		C8CF3F551D8F70BF00BF7104 /* tip_twoTests.swift */ = {isa = PBXFileReference; lastKnownFileType = sourcecode.swift; path = tip_twoTests.swift; sourceTree = "<group>"; };
		C8CF3F571D8F70BF00BF7104 /* Info.plist */ = {isa = PBXFileReference; lastKnownFileType = text.plist.xml; path = Info.plist; sourceTree = "<group>"; };
		C8CF3F5C1D8F70BF00BF7104 /* tip twoUITests.xctest */ = {isa = PBXFileReference; explicitFileType = wrapper.cfbundle; includeInIndex = 0; path = "tip twoUITests.xctest"; sourceTree = BUILT_PRODUCTS_DIR; };
		C8CF3F601D8F70BF00BF7104 /* tip_twoUITests.swift */ = {isa = PBXFileReference; lastKnownFileType = sourcecode.swift; path = tip_twoUITests.swift; sourceTree = "<group>"; };
		C8CF3F621D8F70BF00BF7104 /* Info.plist */ = {isa = PBXFileReference; lastKnownFileType = text.plist.xml; path = Info.plist; sourceTree = "<group>"; };
/* End PBXFileReference section */

/* Begin PBXFrameworksBuildPhase section */
		C8CF3F3A1D8F70BF00BF7104 /* Frameworks */ = {
			isa = PBXFrameworksBuildPhase;
			buildActionMask = 2147483647;
			files = (
			);
			runOnlyForDeploymentPostprocessing = 0;
		};
		C8CF3F4E1D8F70BF00BF7104 /* Frameworks */ = {
			isa = PBXFrameworksBuildPhase;
			buildActionMask = 2147483647;
			files = (
			);
			runOnlyForDeploymentPostprocessing = 0;
		};
		C8CF3F591D8F70BF00BF7104 /* Frameworks */ = {
			isa = PBXFrameworksBuildPhase;
			buildActionMask = 2147483647;
			files = (
			);
			runOnlyForDeploymentPostprocessing = 0;
		};
/* End PBXFrameworksBuildPhase section */

/* Begin PBXGroup section */
		C8CF3F341D8F70BF00BF7104 = {
			isa = PBXGroup;
			children = (
				C8CF3F3F1D8F70BF00BF7104 /* tip two */,
				C8CF3F541D8F70BF00BF7104 /* tip twoTests */,
				C8CF3F5F1D8F70BF00BF7104 /* tip twoUITests */,
				C8CF3F3E1D8F70BF00BF7104 /* Products */,
			);
			sourceTree = "<group>";
		};
		C8CF3F3E1D8F70BF00BF7104 /* Products */ = {
			isa = PBXGroup;
			children = (
				C8CF3F3D1D8F70BF00BF7104 /* tip two.app */,
				C8CF3F511D8F70BF00BF7104 /* tip twoTests.xctest */,
				C8CF3F5C1D8F70BF00BF7104 /* tip twoUITests.xctest */,
			);
			name = Products;
			sourceTree = "<group>";
		};
		C8CF3F3F1D8F70BF00BF7104 /* tip two */ = {
			isa = PBXGroup;
			children = (
				C8CF3F401D8F70BF00BF7104 /* AppDelegate.swift */,
				C8CF3F421D8F70BF00BF7104 /* ViewController.swift */,
				C8CF3F441D8F70BF00BF7104 /* Main.storyboard */,
				C8CF3F471D8F70BF00BF7104 /* Assets.xcassets */,
				C8CF3F491D8F70BF00BF7104 /* LaunchScreen.storyboard */,
				C8CF3F4C1D8F70BF00BF7104 /* Info.plist */,
			);
			path = "tip two";
			sourceTree = "<group>";
		};
		C8CF3F541D8F70BF00BF7104 /* tip twoTests */ = {
			isa = PBXGroup;
			children = (
				C8CF3F551D8F70BF00BF7104 /* tip_twoTests.swift */,
				C8CF3F571D8F70BF00BF7104 /* Info.plist */,
			);
			path = "tip twoTests";
			sourceTree = "<group>";
		};
		C8CF3F5F1D8F70BF00BF7104 /* tip twoUITests */ = {
			isa = PBXGroup;
			children = (
				C8CF3F601D8F70BF00BF7104 /* tip_twoUITests.swift */,
				C8CF3F621D8F70BF00BF7104 /* Info.plist */,
			);
			path = "tip twoUITests";
			sourceTree = "<group>";
		};
/* End PBXGroup section */

/* Begin PBXNativeTarget section */
		C8CF3F3C1D8F70BF00BF7104 /* tip two */ = {
			isa = PBXNativeTarget;
			buildConfigurationList = C8CF3F651D8F70BF00BF7104 /* Build configuration list for PBXNativeTarget "tip two" */;
			buildPhases = (
				C8CF3F391D8F70BF00BF7104 /* Sources */,
				C8CF3F3A1D8F70BF00BF7104 /* Frameworks */,
				C8CF3F3B1D8F70BF00BF7104 /* Resources */,
			);
			buildRules = (
			);
			dependencies = (
			);
			name = "tip two";
			productName = "tip two";
			productReference = C8CF3F3D1D8F70BF00BF7104 /* tip two.app */;
			productType = "com.apple.product-type.application";
		};
		C8CF3F501D8F70BF00BF7104 /* tip twoTests */ = {
			isa = PBXNativeTarget;
			buildConfigurationList = C8CF3F681D8F70BF00BF7104 /* Build configuration list for PBXNativeTarget "tip twoTests" */;
			buildPhases = (
				C8CF3F4D1D8F70BF00BF7104 /* Sources */,
				C8CF3F4E1D8F70BF00BF7104 /* Frameworks */,
				C8CF3F4F1D8F70BF00BF7104 /* Resources */,
			);
			buildRules = (
			);
			dependencies = (
				C8CF3F531D8F70BF00BF7104 /* PBXTargetDependency */,
			);
			name = "tip twoTests";
			productName = "tip twoTests";
			productReference = C8CF3F511D8F70BF00BF7104 /* tip twoTests.xctest */;
			productType = "com.apple.product-type.bundle.unit-test";
		};
		C8CF3F5B1D8F70BF00BF7104 /* tip twoUITests */ = {
			isa = PBXNativeTarget;
			buildConfigurationList = C8CF3F6B1D8F70BF00BF7104 /* Build configuration list for PBXNativeTarget "tip twoUITests" */;
			buildPhases = (
				C8CF3F581D8F70BF00BF7104 /* Sources */,
				C8CF3F591D8F70BF00BF7104 /* Frameworks */,
				C8CF3F5A1D8F70BF00BF7104 /* Resources */,
			);
			buildRules = (
			);
			dependencies = (
				C8CF3F5E1D8F70BF00BF7104 /* PBXTargetDependency */,
			);
			name = "tip twoUITests";
			productName = "tip twoUITests";
			productReference = C8CF3F5C1D8F70BF00BF7104 /* tip twoUITests.xctest */;
			productType = "com.apple.product-type.bundle.ui-testing";
		};
/* End PBXNativeTarget section */

/* Begin PBXProject section */
		C8CF3F351D8F70BF00BF7104 /* Project object */ = {
			isa = PBXProject;
			attributes = {
				LastSwiftUpdateCheck = 0800;
				LastUpgradeCheck = 0800;
				ORGANIZATIONNAME = "Abowd, Jonathan";
				TargetAttributes = {
					C8CF3F3C1D8F70BF00BF7104 = {
						CreatedOnToolsVersion = 8.0;
						ProvisioningStyle = Automatic;
					};
					C8CF3F501D8F70BF00BF7104 = {
						CreatedOnToolsVersion = 8.0;
						ProvisioningStyle = Automatic;
						TestTargetID = C8CF3F3C1D8F70BF00BF7104;
					};
					C8CF3F5B1D8F70BF00BF7104 = {
						CreatedOnToolsVersion = 8.0;
						ProvisioningStyle = Automatic;
						TestTargetID = C8CF3F3C1D8F70BF00BF7104;
					};
				};
			};
			buildConfigurationList = C8CF3F381D8F70BF00BF7104 /* Build configuration list for PBXProject "tip two" */;
			compatibilityVersion = "Xcode 3.2";
			developmentRegion = English;
			hasScannedForEncodings = 0;
			knownRegions = (
				en,
				Base,
			);
			mainGroup = C8CF3F341D8F70BF00BF7104;
			productRefGroup = C8CF3F3E1D8F70BF00BF7104 /* Products */;
			projectDirPath = "";
			projectRoot = "";
			targets = (
				C8CF3F3C1D8F70BF00BF7104 /* tip two */,
				C8CF3F501D8F70BF00BF7104 /* tip twoTests */,
				C8CF3F5B1D8F70BF00BF7104 /* tip twoUITests */,
			);
		};
/* End PBXProject section */

/* Begin PBXResourcesBuildPhase section */
		C8CF3F3B1D8F70BF00BF7104 /* Resources */ = {
			isa = PBXResourcesBuildPhase;
			buildActionMask = 2147483647;
			files = (
				C8CF3F4B1D8F70BF00BF7104 /* LaunchScreen.storyboard in Resources */,
				C8CF3F481D8F70BF00BF7104 /* Assets.xcassets in Resources */,
				C8CF3F461D8F70BF00BF7104 /* Main.storyboard in Resources */,
			);
			runOnlyForDeploymentPostprocessing = 0;
		};
		C8CF3F4F1D8F70BF00BF7104 /* Resources */ = {
			isa = PBXResourcesBuildPhase;
			buildActionMask = 2147483647;
			files = (
			);
			runOnlyForDeploymentPostprocessing = 0;
		};
		C8CF3F5A1D8F70BF00BF7104 /* Resources */ = {
			isa = PBXResourcesBuildPhase;
			buildActionMask = 2147483647;
			files = (
			);
			runOnlyForDeploymentPostprocessing = 0;
		};
/* End PBXResourcesBuildPhase section */

/* Begin PBXSourcesBuildPhase section */
		C8CF3F391D8F70BF00BF7104 /* Sources */ = {
			isa = PBXSourcesBuildPhase;
			buildActionMask = 2147483647;
			files = (
				C8CF3F431D8F70BF00BF7104 /* ViewController.swift in Sources */,
				C8CF3F411D8F70BF00BF7104 /* AppDelegate.swift in Sources */,
			);
			runOnlyForDeploymentPostprocessing = 0;
		};
		C8CF3F4D1D8F70BF00BF7104 /* Sources */ = {
			isa = PBXSourcesBuildPhase;
			buildActionMask = 2147483647;
			files = (
				C8CF3F561D8F70BF00BF7104 /* tip_twoTests.swift in Sources */,
			);
			runOnlyForDeploymentPostprocessing = 0;
		};
		C8CF3F581D8F70BF00BF7104 /* Sources */ = {
			isa = PBXSourcesBuildPhase;
			buildActionMask = 2147483647;
			files = (
				C8CF3F611D8F70BF00BF7104 /* tip_twoUITests.swift in Sources */,
			);
			runOnlyForDeploymentPostprocessing = 0;
		};
/* End PBXSourcesBuildPhase section */

/* Begin PBXTargetDependency section */
		C8CF3F531D8F70BF00BF7104 /* PBXTargetDependency */ = {
			isa = PBXTargetDependency;
			target = C8CF3F3C1D8F70BF00BF7104 /* tip two */;
			targetProxy = C8CF3F521D8F70BF00BF7104 /* PBXContainerItemProxy */;
		};
		C8CF3F5E1D8F70BF00BF7104 /* PBXTargetDependency */ = {
			isa = PBXTargetDependency;
			target = C8CF3F3C1D8F70BF00BF7104 /* tip two */;
			targetProxy = C8CF3F5D1D8F70BF00BF7104 /* PBXContainerItemProxy */;
		};
/* End PBXTargetDependency section */

/* Begin PBXVariantGroup section */
		C8CF3F441D8F70BF00BF7104 /* Main.storyboard */ = {
			isa = PBXVariantGroup;
			children = (
				C8CF3F451D8F70BF00BF7104 /* Base */,
			);
			name = Main.storyboard;
			sourceTree = "<group>";
		};
		C8CF3F491D8F70BF00BF7104 /* LaunchScreen.storyboard */ = {
			isa = PBXVariantGroup;
			children = (
				C8CF3F4A1D8F70BF00BF7104 /* Base */,
			);
			name = LaunchScreen.storyboard;
			sourceTree = "<group>";
		};
/* End PBXVariantGroup section */

/* Begin XCBuildConfiguration section */
		C8CF3F631D8F70BF00BF7104 /* Debug */ = {
			isa = XCBuildConfiguration;
			buildSettings = {
				ALWAYS_SEARCH_USER_PATHS = NO;
				CLANG_ANALYZER_NONNULL = YES;
				CLANG_CXX_LANGUAGE_STANDARD = "gnu++0x";
				CLANG_CXX_LIBRARY = "libc++";
				CLANG_ENABLE_MODULES = YES;
				CLANG_ENABLE_OBJC_ARC = YES;
				CLANG_WARN_BOOL_CONVERSION = YES;
				CLANG_WARN_CONSTANT_CONVERSION = YES;
				CLANG_WARN_DIRECT_OBJC_ISA_USAGE = YES_ERROR;
				CLANG_WARN_DOCUMENTATION_COMMENTS = YES;
				CLANG_WARN_EMPTY_BODY = YES;
				CLANG_WARN_ENUM_CONVERSION = YES;
				CLANG_WARN_INFINITE_RECURSION = YES;
				CLANG_WARN_INT_CONVERSION = YES;
				CLANG_WARN_OBJC_ROOT_CLASS = YES_ERROR;
				CLANG_WARN_SUSPICIOUS_MOVES = YES;
				CLANG_WARN_UNREACHABLE_CODE = YES;
				CLANG_WARN__DUPLICATE_METHOD_MATCH = YES;
				"CODE_SIGN_IDENTITY[sdk=iphoneos*]" = "iPhone Developer";
				COPY_PHASE_STRIP = NO;
				DEBUG_INFORMATION_FORMAT = dwarf;
				ENABLE_STRICT_OBJC_MSGSEND = YES;
				ENABLE_TESTABILITY = YES;
				GCC_C_LANGUAGE_STANDARD = gnu99;
				GCC_DYNAMIC_NO_PIC = NO;
				GCC_NO_COMMON_BLOCKS = YES;
				GCC_OPTIMIZATION_LEVEL = 0;
				GCC_PREPROCESSOR_DEFINITIONS = (
					"DEBUG=1",
					"$(inherited)",
				);
				GCC_WARN_64_TO_32_BIT_CONVERSION = YES;
				GCC_WARN_ABOUT_RETURN_TYPE = YES_ERROR;
				GCC_WARN_UNDECLARED_SELECTOR = YES;
				GCC_WARN_UNINITIALIZED_AUTOS = YES_AGGRESSIVE;
				GCC_WARN_UNUSED_FUNCTION = YES;
				GCC_WARN_UNUSED_VARIABLE = YES;
				IPHONEOS_DEPLOYMENT_TARGET = 10.0;
				MTL_ENABLE_DEBUG_INFO = YES;
				ONLY_ACTIVE_ARCH = YES;
				SDKROOT = iphoneos;
				SWIFT_ACTIVE_COMPILATION_CONDITIONS = DEBUG;
				SWIFT_OPTIMIZATION_LEVEL = "-Onone";
			};
			name = Debug;
		};
		C8CF3F641D8F70BF00BF7104 /* Release */ = {
			isa = XCBuildConfiguration;
			buildSettings = {
				ALWAYS_SEARCH_USER_PATHS = NO;
				CLANG_ANALYZER_NONNULL = YES;
				CLANG_CXX_LANGUAGE_STANDARD = "gnu++0x";
				CLANG_CXX_LIBRARY = "libc++";
				CLANG_ENABLE_MODULES = YES;
				CLANG_ENABLE_OBJC_ARC = YES;
				CLANG_WARN_BOOL_CONVERSION = YES;
				CLANG_WARN_CONSTANT_CONVERSION = YES;
				CLANG_WARN_DIRECT_OBJC_ISA_USAGE = YES_ERROR;
				CLANG_WARN_DOCUMENTATION_COMMENTS = YES;
				CLANG_WARN_EMPTY_BODY = YES;
				CLANG_WARN_ENUM_CONVERSION = YES;
				CLANG_WARN_INFINITE_RECURSION = YES;
				CLANG_WARN_INT_CONVERSION = YES;
				CLANG_WARN_OBJC_ROOT_CLASS = YES_ERROR;
				CLANG_WARN_SUSPICIOUS_MOVES = YES;
				CLANG_WARN_UNREACHABLE_CODE = YES;
				CLANG_WARN__DUPLICATE_METHOD_MATCH = YES;
				"CODE_SIGN_IDENTITY[sdk=iphoneos*]" = "iPhone Developer";
				COPY_PHASE_STRIP = NO;
				DEBUG_INFORMATION_FORMAT = "dwarf-with-dsym";
				ENABLE_NS_ASSERTIONS = NO;
				ENABLE_STRICT_OBJC_MSGSEND = YES;
				GCC_C_LANGUAGE_STANDARD = gnu99;
				GCC_NO_COMMON_BLOCKS = YES;
				GCC_WARN_64_TO_32_BIT_CONVERSION = YES;
				GCC_WARN_ABOUT_RETURN_TYPE = YES_ERROR;
				GCC_WARN_UNDECLARED_SELECTOR = YES;
				GCC_WARN_UNINITIALIZED_AUTOS = YES_AGGRESSIVE;
				GCC_WARN_UNUSED_FUNCTION = YES;
				GCC_WARN_UNUSED_VARIABLE = YES;
				IPHONEOS_DEPLOYMENT_TARGET = 10.0;
				MTL_ENABLE_DEBUG_INFO = NO;
				SDKROOT = iphoneos;
				SWIFT_OPTIMIZATION_LEVEL = "-Owholemodule";
				VALIDATE_PRODUCT = YES;
			};
			name = Release;
		};
		C8CF3F661D8F70BF00BF7104 /* Debug */ = {
			isa = XCBuildConfiguration;
			buildSettings = {
				ASSETCATALOG_COMPILER_APPICON_NAME = AppIcon;
				INFOPLIST_FILE = "tip two/Info.plist";
				LD_RUNPATH_SEARCH_PATHS = "$(inherited) @executable_path/Frameworks";
				PRODUCT_BUNDLE_IDENTIFIER = "com.codepath.tip-two";
				PRODUCT_NAME = "$(TARGET_NAME)";
				SWIFT_VERSION = 3.0;
			};
			name = Debug;
		};
		C8CF3F671D8F70BF00BF7104 /* Release */ = {
			isa = XCBuildConfiguration;
			buildSettings = {
				ASSETCATALOG_COMPILER_APPICON_NAME = AppIcon;
				INFOPLIST_FILE = "tip two/Info.plist";
				LD_RUNPATH_SEARCH_PATHS = "$(inherited) @executable_path/Frameworks";
				PRODUCT_BUNDLE_IDENTIFIER = "com.codepath.tip-two";
				PRODUCT_NAME = "$(TARGET_NAME)";
				SWIFT_VERSION = 3.0;
			};
			name = Release;
		};
		C8CF3F691D8F70BF00BF7104 /* Debug */ = {
			isa = XCBuildConfiguration;
			buildSettings = {
				ALWAYS_EMBED_SWIFT_STANDARD_LIBRARIES = YES;
				BUNDLE_LOADER = "$(TEST_HOST)";
				INFOPLIST_FILE = "tip twoTests/Info.plist";
				LD_RUNPATH_SEARCH_PATHS = "$(inherited) @executable_path/Frameworks @loader_path/Frameworks";
				PRODUCT_BUNDLE_IDENTIFIER = "com.codepath.tip-twoTests";
				PRODUCT_NAME = "$(TARGET_NAME)";
				SWIFT_VERSION = 3.0;
				TEST_HOST = "$(BUILT_PRODUCTS_DIR)/tip two.app/tip two";
			};
			name = Debug;
		};
		C8CF3F6A1D8F70BF00BF7104 /* Release */ = {
			isa = XCBuildConfiguration;
			buildSettings = {
				ALWAYS_EMBED_SWIFT_STANDARD_LIBRARIES = YES;
				BUNDLE_LOADER = "$(TEST_HOST)";
				INFOPLIST_FILE = "tip twoTests/Info.plist";
				LD_RUNPATH_SEARCH_PATHS = "$(inherited) @executable_path/Frameworks @loader_path/Frameworks";
				PRODUCT_BUNDLE_IDENTIFIER = "com.codepath.tip-twoTests";
				PRODUCT_NAME = "$(TARGET_NAME)";
				SWIFT_VERSION = 3.0;
				TEST_HOST = "$(BUILT_PRODUCTS_DIR)/tip two.app/tip two";
			};
			name = Release;
		};
		C8CF3F6C1D8F70BF00BF7104 /* Debug */ = {
			isa = XCBuildConfiguration;
			buildSettings = {
				ALWAYS_EMBED_SWIFT_STANDARD_LIBRARIES = YES;
				INFOPLIST_FILE = "tip twoUITests/Info.plist";
				LD_RUNPATH_SEARCH_PATHS = "$(inherited) @executable_path/Frameworks @loader_path/Frameworks";
				PRODUCT_BUNDLE_IDENTIFIER = "com.codepath.tip-twoUITests";
				PRODUCT_NAME = "$(TARGET_NAME)";
				SWIFT_VERSION = 3.0;
				TEST_TARGET_NAME = "tip two";
			};
			name = Debug;
		};
		C8CF3F6D1D8F70BF00BF7104 /* Release */ = {
			isa = XCBuildConfiguration;
			buildSettings = {
				ALWAYS_EMBED_SWIFT_STANDARD_LIBRARIES = YES;
				INFOPLIST_FILE = "tip twoUITests/Info.plist";
				LD_RUNPATH_SEARCH_PATHS = "$(inherited) @executable_path/Frameworks @loader_path/Frameworks";
				PRODUCT_BUNDLE_IDENTIFIER = "com.codepath.tip-twoUITests";
				PRODUCT_NAME = "$(TARGET_NAME)";
				SWIFT_VERSION = 3.0;
				TEST_TARGET_NAME = "tip two";
			};
			name = Release;
		};
/* End XCBuildConfiguration section */

/* Begin XCConfigurationList section */
		C8CF3F381D8F70BF00BF7104 /* Build configuration list for PBXProject "tip two" */ = {
			isa = XCConfigurationList;
			buildConfigurations = (
				C8CF3F631D8F70BF00BF7104 /* Debug */,
				C8CF3F641D8F70BF00BF7104 /* Release */,
			);
			defaultConfigurationIsVisible = 0;
			defaultConfigurationName = Release;
		};
		C8CF3F651D8F70BF00BF7104 /* Build configuration list for PBXNativeTarget "tip two" */ = {
			isa = XCConfigurationList;
			buildConfigurations = (
				C8CF3F661D8F70BF00BF7104 /* Debug */,
				C8CF3F671D8F70BF00BF7104 /* Release */,
			);
			defaultConfigurationIsVisible = 0;
		};
		C8CF3F681D8F70BF00BF7104 /* Build configuration list for PBXNativeTarget "tip twoTests" */ = {
			isa = XCConfigurationList;
			buildConfigurations = (
				C8CF3F691D8F70BF00BF7104 /* Debug */,
				C8CF3F6A1D8F70BF00BF7104 /* Release */,
			);
			defaultConfigurationIsVisible = 0;
		};
		C8CF3F6B1D8F70BF00BF7104 /* Build configuration list for PBXNativeTarget "tip twoUITests" */ = {
			isa = XCConfigurationList;
			buildConfigurations = (
				C8CF3F6C1D8F70BF00BF7104 /* Debug */,
				C8CF3F6D1D8F70BF00BF7104 /* Release */,
			);
			defaultConfigurationIsVisible = 0;
		};
/* End XCConfigurationList section */
	};
	rootObject = C8CF3F351D8F70BF00BF7104 /* Project object */;
}
